
Microsoft Visual Studio Solution File, Format Version 12.00
# Visual Studio Version 17
VisualStudioVersion = 17.9.34728.123
MinimumVisualStudioVersion = 10.0.40219.1
Project("{9A19103F-16F7-4668-BE54-9A1E7A4F7556}") = "Konu01Degiskenler", "Konu01Degiskenler\Konu01Degiskenler.csproj", "{D39CF9F0-1D36-4582-AC2C-299929CF3B8E}"
EndProject
Project("{9A19103F-16F7-4668-BE54-9A1E7A4F7556}") = "Konu02TipDonusumleri", "Konu02TipDonusumleri\Konu02TipDonusumleri.csproj", "{7F35A151-7436-479B-B92D-390D70BF4FB7}"
EndProject
Project("{9A19103F-16F7-4668-BE54-9A1E7A4F7556}") = "Konu03Operatorler", "Konu03Operatorler\Konu03Operatorler.csproj", "{BE7EB523-AB27-445D-AF53-0D5570A94FD8}"
EndProject
Project("{9A19103F-16F7-4668-BE54-9A1E7A4F7556}") = "Konu04KosulYapilari", "Konu04KosulYapilari\Konu04KosulYapilari.csproj", "{3B1284B8-F9C6-4663-8F95-C57DF3CDB391}"
EndProject
Project("{9A19103F-16F7-4668-BE54-9A1E7A4F7556}") = "Konu05Metotlar", "Konu05Metotlar\Konu05Metotlar.csproj", "{2E40C1B7-9B45-48C5-8BCC-FC34B182EAC9}"
EndProject
Project("{9A19103F-16F7-4668-BE54-9A1E7A4F7556}") = "Konu06Diziler", "Konu06Diziler\Konu06Diziler.csproj", "{5DF34D12-B464-452A-B945-EF1E4BDF1450}"
EndProject
Project("{9A19103F-16F7-4668-BE54-9A1E7A4F7556}") = "Konu07Donguler", "Konu07Donguler\Konu07Donguler.csproj", "{0CE55B22-C1F4-46FD-BCCB-001A82D85F60}"
EndProject
Project("{9A19103F-16F7-4668-BE54-9A1E7A4F7556}") = "Konu08Siniflar", "Konu08Siniflar\Konu08Siniflar.csproj", "{9ACBD702-D5BD-4A99-BDE1-8ED26EBC532E}"
EndProject
Project("{9A19103F-16F7-4668-BE54-9A1E7A4F7556}") = "ClassLibrary1", "ClassLibrary1\ClassLibrary1.csproj", "{E40C1692-257A-44EE-A32E-B40EE40A8EED}"
EndProject
Project("{9A19103F-16F7-4668-BE54-9A1E7A4F7556}") = "Konu09StructYapilar", "Konu09StructYapilar\Konu09StructYapilar.csproj", "{D4743E13-053A-44C1-867B-F825804A76F8}"
EndProject
Project("{9A19103F-16F7-4668-BE54-9A1E7A4F7556}") = "Konu10StringSinifi", "Konu10StringSinifi\Konu10StringSinifi.csproj", "{B93169B5-8079-419B-A07A-56B9877693D0}"
EndProject
Project("{9A19103F-16F7-4668-BE54-9A1E7A4F7556}") = "Konu11Enumlar", "Konu11Enumlar\Konu11Enumlar.csproj", "{1CACBF7C-41F4-4AF1-9493-D52EB872EF7F}"
EndProject
Project("{9A19103F-16F7-4668-BE54-9A1E7A4F7556}") = "Konu12KalitimInheritance", "Konu12KalitimInheritance\Konu12KalitimInheritance.csproj", "{4A5917A9-F86A-460E-B9C9-CB308C35D2AF}"
EndProject
Project("{9A19103F-16F7-4668-BE54-9A1E7A4F7556}") = "Konu13Kapsulleme", "Konu13Kapsulleme\Konu13Kapsulleme.csproj", "{72F42632-F152-4DC4-B1B0-580E5CBD670F}"
EndProject
Project("{9A19103F-16F7-4668-BE54-9A1E7A4F7556}") = "Konu14Interfaces", "Konu14Interfaces\Konu14Interfaces.csproj", "{5B832141-374C-474C-879C-01B25EA33F07}"
EndProject
Project("{9A19103F-16F7-4668-BE54-9A1E7A4F7556}") = "Konu15AbstractSiniflar", "Konu15AbstractSiniflar\Konu15AbstractSiniflar.csproj", "{4411E959-7465-4258-A409-F0AE21BC52D0}"
EndProject
Project("{9A19103F-16F7-4668-BE54-9A1E7A4F7556}") = "Konu16Koleksiyonlar", "Konu16Koleksiyonlar\Konu16Koleksiyonlar.csproj", "{F8ACAA2D-F37F-4611-8808-7949D408899D}"
EndProject
Project("{9A19103F-16F7-4668-BE54-9A1E7A4F7556}") = "Konu17HataYonetimi", "Konu17HataYonetimi\Konu17HataYonetimi.csproj", "{F7B28D60-30AA-4882-B9F3-4D0C1F295D33}"
EndProject
Project("{FAE04EC0-301F-11D3-BF4B-00C04F79EFBC}") = "Konu18SOLIDPrensipleri", "Konu18SOLIDPrensipleri\Konu18SOLIDPrensipleri.csproj", "{66135E10-19CA-4E2B-85B2-F1380BB64741}"
EndProject
Project("{FAE04EC0-301F-11D3-BF4B-00C04F79EFBC}") = "WindowsFormsApp1", "WindowsFormsApp1\WindowsFormsApp1.csproj", "{4B8C92DA-B83B-48B1-8828-1C8566199949}"
EndProject
Global
	GlobalSection(SolutionConfigurationPlatforms) = preSolution
		Debug|Any CPU = Debug|Any CPU
		Release|Any CPU = Release|Any CPU
	EndGlobalSection
	GlobalSection(ProjectConfigurationPlatforms) = postSolution
		{D39CF9F0-1D36-4582-AC2C-299929CF3B8E}.Debug|Any CPU.ActiveCfg = Debug|Any CPU
		{D39CF9F0-1D36-4582-AC2C-299929CF3B8E}.Debug|Any CPU.Build.0 = Debug|Any CPU
		{D39CF9F0-1D36-4582-AC2C-299929CF3B8E}.Release|Any CPU.ActiveCfg = Release|Any CPU
		{D39CF9F0-1D36-4582-AC2C-299929CF3B8E}.Release|Any CPU.Build.0 = Release|Any CPU
		{7F35A151-7436-479B-B92D-390D70BF4FB7}.Debug|Any CPU.ActiveCfg = Debug|Any CPU
		{7F35A151-7436-479B-B92D-390D70BF4FB7}.Debug|Any CPU.Build.0 = Debug|Any CPU
		{7F35A151-7436-479B-B92D-390D70BF4FB7}.Release|Any CPU.ActiveCfg = Release|Any CPU
		{7F35A151-7436-479B-B92D-390D70BF4FB7}.Release|Any CPU.Build.0 = Release|Any CPU
		{BE7EB523-AB27-445D-AF53-0D5570A94FD8}.Debug|Any CPU.ActiveCfg = Debug|Any CPU
		{BE7EB523-AB27-445D-AF53-0D5570A94FD8}.Debug|Any CPU.Build.0 = Debug|Any CPU
		{BE7EB523-AB27-445D-AF53-0D5570A94FD8}.Release|Any CPU.ActiveCfg = Release|Any CPU
		{BE7EB523-AB27-445D-AF53-0D5570A94FD8}.Release|Any CPU.Build.0 = Release|Any CPU
		{3B1284B8-F9C6-4663-8F95-C57DF3CDB391}.Debug|Any CPU.ActiveCfg = Debug|Any CPU
		{3B1284B8-F9C6-4663-8F95-C57DF3CDB391}.Debug|Any CPU.Build.0 = Debug|Any CPU
		{3B1284B8-F9C6-4663-8F95-C57DF3CDB391}.Release|Any CPU.ActiveCfg = Release|Any CPU
		{3B1284B8-F9C6-4663-8F95-C57DF3CDB391}.Release|Any CPU.Build.0 = Release|Any CPU
		{2E40C1B7-9B45-48C5-8BCC-FC34B182EAC9}.Debug|Any CPU.ActiveCfg = Debug|Any CPU
		{2E40C1B7-9B45-48C5-8BCC-FC34B182EAC9}.Debug|Any CPU.Build.0 = Debug|Any CPU
		{2E40C1B7-9B45-48C5-8BCC-FC34B182EAC9}.Release|Any CPU.ActiveCfg = Release|Any CPU
		{2E40C1B7-9B45-48C5-8BCC-FC34B182EAC9}.Release|Any CPU.Build.0 = Release|Any CPU
		{5DF34D12-B464-452A-B945-EF1E4BDF1450}.Debug|Any CPU.ActiveCfg = Debug|Any CPU
		{5DF34D12-B464-452A-B945-EF1E4BDF1450}.Debug|Any CPU.Build.0 = Debug|Any CPU
		{5DF34D12-B464-452A-B945-EF1E4BDF1450}.Release|Any CPU.ActiveCfg = Release|Any CPU
		{5DF34D12-B464-452A-B945-EF1E4BDF1450}.Release|Any CPU.Build.0 = Release|Any CPU
		{0CE55B22-C1F4-46FD-BCCB-001A82D85F60}.Debug|Any CPU.ActiveCfg = Debug|Any CPU
		{0CE55B22-C1F4-46FD-BCCB-001A82D85F60}.Debug|Any CPU.Build.0 = Debug|Any CPU
		{0CE55B22-C1F4-46FD-BCCB-001A82D85F60}.Release|Any CPU.ActiveCfg = Release|Any CPU
		{0CE55B22-C1F4-46FD-BCCB-001A82D85F60}.Release|Any CPU.Build.0 = Release|Any CPU
		{9ACBD702-D5BD-4A99-BDE1-8ED26EBC532E}.Debug|Any CPU.ActiveCfg = Debug|Any CPU
		{9ACBD702-D5BD-4A99-BDE1-8ED26EBC532E}.Debug|Any CPU.Build.0 = Debug|Any CPU
		{9ACBD702-D5BD-4A99-BDE1-8ED26EBC532E}.Release|Any CPU.ActiveCfg = Release|Any CPU
		{9ACBD702-D5BD-4A99-BDE1-8ED26EBC532E}.Release|Any CPU.Build.0 = Release|Any CPU
		{E40C1692-257A-44EE-A32E-B40EE40A8EED}.Debug|Any CPU.ActiveCfg = Debug|Any CPU
		{E40C1692-257A-44EE-A32E-B40EE40A8EED}.Debug|Any CPU.Build.0 = Debug|Any CPU
		{E40C1692-257A-44EE-A32E-B40EE40A8EED}.Release|Any CPU.ActiveCfg = Release|Any CPU
		{E40C1692-257A-44EE-A32E-B40EE40A8EED}.Release|Any CPU.Build.0 = Release|Any CPU
		{D4743E13-053A-44C1-867B-F825804A76F8}.Debug|Any CPU.ActiveCfg = Debug|Any CPU
		{D4743E13-053A-44C1-867B-F825804A76F8}.Debug|Any CPU.Build.0 = Debug|Any CPU
		{D4743E13-053A-44C1-867B-F825804A76F8}.Release|Any CPU.ActiveCfg = Release|Any CPU
		{D4743E13-053A-44C1-867B-F825804A76F8}.Release|Any CPU.Build.0 = Release|Any CPU
		{B93169B5-8079-419B-A07A-56B9877693D0}.Debug|Any CPU.ActiveCfg = Debug|Any CPU
		{B93169B5-8079-419B-A07A-56B9877693D0}.Debug|Any CPU.Build.0 = Debug|Any CPU
		{B93169B5-8079-419B-A07A-56B9877693D0}.Release|Any CPU.ActiveCfg = Release|Any CPU
		{B93169B5-8079-419B-A07A-56B9877693D0}.Release|Any CPU.Build.0 = Release|Any CPU
		{1CACBF7C-41F4-4AF1-9493-D52EB872EF7F}.Debug|Any CPU.ActiveCfg = Debug|Any CPU
		{1CACBF7C-41F4-4AF1-9493-D52EB872EF7F}.Debug|Any CPU.Build.0 = Debug|Any CPU
		{1CACBF7C-41F4-4AF1-9493-D52EB872EF7F}.Release|Any CPU.ActiveCfg = Release|Any CPU
		{1CACBF7C-41F4-4AF1-9493-D52EB872EF7F}.Release|Any CPU.Build.0 = Release|Any CPU
		{4A5917A9-F86A-460E-B9C9-CB308C35D2AF}.Debug|Any CPU.ActiveCfg = Debug|Any CPU
		{4A5917A9-F86A-460E-B9C9-CB308C35D2AF}.Debug|Any CPU.Build.0 = Debug|Any CPU
		{4A5917A9-F86A-460E-B9C9-CB308C35D2AF}.Release|Any CPU.ActiveCfg = Release|Any CPU
		{4A5917A9-F86A-460E-B9C9-CB308C35D2AF}.Release|Any CPU.Build.0 = Release|Any CPU
		{72F42632-F152-4DC4-B1B0-580E5CBD670F}.Debug|Any CPU.ActiveCfg = Debug|Any CPU
		{72F42632-F152-4DC4-B1B0-580E5CBD670F}.Debug|Any CPU.Build.0 = Debug|Any CPU
		{72F42632-F152-4DC4-B1B0-580E5CBD670F}.Release|Any CPU.ActiveCfg = Release|Any CPU
		{72F42632-F152-4DC4-B1B0-580E5CBD670F}.Release|Any CPU.Build.0 = Release|Any CPU
		{5B832141-374C-474C-879C-01B25EA33F07}.Debug|Any CPU.ActiveCfg = Debug|Any CPU
		{5B832141-374C-474C-879C-01B25EA33F07}.Debug|Any CPU.Build.0 = Debug|Any CPU
		{5B832141-374C-474C-879C-01B25EA33F07}.Release|Any CPU.ActiveCfg = Release|Any CPU
		{5B832141-374C-474C-879C-01B25EA33F07}.Release|Any CPU.Build.0 = Release|Any CPU
		{4411E959-7465-4258-A409-F0AE21BC52D0}.Debug|Any CPU.ActiveCfg = Debug|Any CPU
		{4411E959-7465-4258-A409-F0AE21BC52D0}.Debug|Any CPU.Build.0 = Debug|Any CPU
		{4411E959-7465-4258-A409-F0AE21BC52D0}.Release|Any CPU.ActiveCfg = Release|Any CPU
		{4411E959-7465-4258-A409-F0AE21BC52D0}.Release|Any CPU.Build.0 = Release|Any CPU
		{F8ACAA2D-F37F-4611-8808-7949D408899D}.Debug|Any CPU.ActiveCfg = Debug|Any CPU
		{F8ACAA2D-F37F-4611-8808-7949D408899D}.Debug|Any CPU.Build.0 = Debug|Any CPU
		{F8ACAA2D-F37F-4611-8808-7949D408899D}.Release|Any CPU.ActiveCfg = Release|Any CPU
		{F8ACAA2D-F37F-4611-8808-7949D408899D}.Release|Any CPU.Build.0 = Release|Any CPU
		{F7B28D60-30AA-4882-B9F3-4D0C1F295D33}.Debug|Any CPU.ActiveCfg = Debug|Any CPU
		{F7B28D60-30AA-4882-B9F3-4D0C1F295D33}.Debug|Any CPU.Build.0 = Debug|Any CPU
		{F7B28D60-30AA-4882-B9F3-4D0C1F295D33}.Release|Any CPU.ActiveCfg = Release|Any CPU
		{F7B28D60-30AA-4882-B9F3-4D0C1F295D33}.Release|Any CPU.Build.0 = Release|Any CPU
		{66135E10-19CA-4E2B-85B2-F1380BB64741}.Debug|Any CPU.ActiveCfg = Debug|Any CPU
		{66135E10-19CA-4E2B-85B2-F1380BB64741}.Debug|Any CPU.Build.0 = Debug|Any CPU
		{66135E10-19CA-4E2B-85B2-F1380BB64741}.Release|Any CPU.ActiveCfg = Release|Any CPU
		{66135E10-19CA-4E2B-85B2-F1380BB64741}.Release|Any CPU.Build.0 = Release|Any CPU
		{4B8C92DA-B83B-48B1-8828-1C8566199949}.Debug|Any CPU.ActiveCfg = Debug|Any CPU
		{4B8C92DA-B83B-48B1-8828-1C8566199949}.Debug|Any CPU.Build.0 = Debug|Any CPU
		{4B8C92DA-B83B-48B1-8828-1C8566199949}.Release|Any CPU.ActiveCfg = Release|Any CPU
		{4B8C92DA-B83B-48B1-8828-1C8566199949}.Release|Any CPU.Build.0 = Release|Any CPU
	EndGlobalSection
	GlobalSection(SolutionProperties) = preSolution
		HideSolutionNode = FALSE
	EndGlobalSection
	GlobalSection(ExtensibilityGlobals) = postSolution
		SolutionGuid = {737B286B-AD66-4DED-88CC-E088CF408ED5}
	EndGlobalSection
EndGlobal
